// !$*UTF8*$!
{
	archiveVersion = 1;
	classes = {
	};
	objectVersion = 46;
	objects = {

/* Begin PBXBuildFile section */
		50849DC81A9195C5007F5023 /* AppDelegate.swift in Sources */ = {isa = PBXBuildFile; fileRef = 50849DC71A9195C5007F5023 /* AppDelegate.swift */; };
		50849DCA1A9195C5007F5023 /* ViewController.swift in Sources */ = {isa = PBXBuildFile; fileRef = 50849DC91A9195C5007F5023 /* ViewController.swift */; };
		50849DCD1A9195C5007F5023 /* Main.storyboard in Resources */ = {isa = PBXBuildFile; fileRef = 50849DCB1A9195C5007F5023 /* Main.storyboard */; };
		50849DCF1A9195C5007F5023 /* Images.xcassets in Resources */ = {isa = PBXBuildFile; fileRef = 50849DCE1A9195C5007F5023 /* Images.xcassets */; };
		50849DD21A9195C5007F5023 /* LaunchScreen.xib in Resources */ = {isa = PBXBuildFile; fileRef = 50849DD01A9195C5007F5023 /* LaunchScreen.xib */; };
		50849DDE1A9195C5007F5023 /* HJScaleHeaderViewTests.swift in Sources */ = {isa = PBXBuildFile; fileRef = 50849DDD1A9195C5007F5023 /* HJScaleHeaderViewTests.swift */; };
		50849DE81A91C63B007F5023 /* HJScaledScrollView.swift in Sources */ = {isa = PBXBuildFile; fileRef = 50849DE71A91C63B007F5023 /* HJScaledScrollView.swift */; };
/* End PBXBuildFile section */

/* Begin PBXContainerItemProxy section */
		50849DD81A9195C5007F5023 /* PBXContainerItemProxy */ = {
			isa = PBXContainerItemProxy;
			containerPortal = 50849DBA1A9195C5007F5023 /* Project object */;
			proxyType = 1;
			remoteGlobalIDString = 50849DC11A9195C5007F5023;
			remoteInfo = HJScaleHeaderView;
		};
/* End PBXContainerItemProxy section */

/* Begin PBXFileReference section */
		50849DC21A9195C5007F5023 /* HJScaleHeaderView.app */ = {isa = PBXFileReference; explicitFileType = wrapper.application; includeInIndex = 0; path = HJScaleHeaderView.app; sourceTree = BUILT_PRODUCTS_DIR; };
		50849DC61A9195C5007F5023 /* Info.plist */ = {isa = PBXFileReference; lastKnownFileType = text.plist.xml; path = Info.plist; sourceTree = "<group>"; };
		50849DC71A9195C5007F5023 /* AppDelegate.swift */ = {isa = PBXFileReference; lastKnownFileType = sourcecode.swift; path = AppDelegate.swift; sourceTree = "<group>"; };
		50849DC91A9195C5007F5023 /* ViewController.swift */ = {isa = PBXFileReference; lastKnownFileType = sourcecode.swift; path = ViewController.swift; sourceTree = "<group>"; };
		50849DCC1A9195C5007F5023 /* Base */ = {isa = PBXFileReference; lastKnownFileType = file.storyboard; name = Base; path = Base.lproj/Main.storyboard; sourceTree = "<group>"; };
		50849DCE1A9195C5007F5023 /* Images.xcassets */ = {isa = PBXFileReference; lastKnownFileType = folder.assetcatalog; path = Images.xcassets; sourceTree = "<group>"; };
		50849DD11A9195C5007F5023 /* Base */ = {isa = PBXFileReference; lastKnownFileType = file.xib; name = Base; path = Base.lproj/LaunchScreen.xib; sourceTree = "<group>"; };
		50849DD71A9195C5007F5023 /* HJScaleHeaderViewTests.xctest */ = {isa = PBXFileReference; explicitFileType = wrapper.cfbundle; includeInIndex = 0; path = HJScaleHeaderViewTests.xctest; sourceTree = BUILT_PRODUCTS_DIR; };
		50849DDC1A9195C5007F5023 /* Info.plist */ = {isa = PBXFileReference; lastKnownFileType = text.plist.xml; path = Info.plist; sourceTree = "<group>"; };
		50849DDD1A9195C5007F5023 /* HJScaleHeaderViewTests.swift */ = {isa = PBXFileReference; lastKnownFileType = sourcecode.swift; path = HJScaleHeaderViewTests.swift; sourceTree = "<group>"; };
		50849DE71A91C63B007F5023 /* HJScaledScrollView.swift */ = {isa = PBXFileReference; fileEncoding = 4; lastKnownFileType = sourcecode.swift; path = HJScaledScrollView.swift; sourceTree = "<group>"; };
/* End PBXFileReference section */

/* Begin PBXFrameworksBuildPhase section */
		50849DBF1A9195C5007F5023 /* Frameworks */ = {
			isa = PBXFrameworksBuildPhase;
			buildActionMask = 2147483647;
			files = (
			);
			runOnlyForDeploymentPostprocessing = 0;
		};
		50849DD41A9195C5007F5023 /* Frameworks */ = {
			isa = PBXFrameworksBuildPhase;
			buildActionMask = 2147483647;
			files = (
			);
			runOnlyForDeploymentPostprocessing = 0;
		};
/* End PBXFrameworksBuildPhase section */

/* Begin PBXGroup section */
		50849DB91A9195C5007F5023 = {
			isa = PBXGroup;
			children = (
				50849DC41A9195C5007F5023 /* HJScaleHeaderView */,
				50849DDA1A9195C5007F5023 /* HJScaleHeaderViewTests */,
				50849DC31A9195C5007F5023 /* Products */,
			);
			sourceTree = "<group>";
		};
		50849DC31A9195C5007F5023 /* Products */ = {
			isa = PBXGroup;
			children = (
				50849DC21A9195C5007F5023 /* HJScaleHeaderView.app */,
				50849DD71A9195C5007F5023 /* HJScaleHeaderViewTests.xctest */,
			);
			name = Products;
			sourceTree = "<group>";
		};
		50849DC41A9195C5007F5023 /* HJScaleHeaderView */ = {
			isa = PBXGroup;
			children = (
				50849DC71A9195C5007F5023 /* AppDelegate.swift */,
				50849DC91A9195C5007F5023 /* ViewController.swift */,
				50849DCB1A9195C5007F5023 /* Main.storyboard */,
				50849DCE1A9195C5007F5023 /* Images.xcassets */,
				50849DD01A9195C5007F5023 /* LaunchScreen.xib */,
				50849DC51A9195C5007F5023 /* Supporting Files */,
				50849DE71A91C63B007F5023 /* HJScaledScrollView.swift */,
			);
			path = HJScaleHeaderView;
			sourceTree = "<group>";
		};
		50849DC51A9195C5007F5023 /* Supporting Files */ = {
			isa = PBXGroup;
			children = (
				50849DC61A9195C5007F5023 /* Info.plist */,
			);
			name = "Supporting Files";
			sourceTree = "<group>";
		};
		50849DDA1A9195C5007F5023 /* HJScaleHeaderViewTests */ = {
			isa = PBXGroup;
			children = (
				50849DDD1A9195C5007F5023 /* HJScaleHeaderViewTests.swift */,
				50849DDB1A9195C5007F5023 /* Supporting Files */,
			);
			path = HJScaleHeaderViewTests;
			sourceTree = "<group>";
		};
		50849DDB1A9195C5007F5023 /* Supporting Files */ = {
			isa = PBXGroup;
			children = (
				50849DDC1A9195C5007F5023 /* Info.plist */,
			);
			name = "Supporting Files";
			sourceTree = "<group>";
		};
/* End PBXGroup section */

/* Begin PBXNativeTarget section */
		50849DC11A9195C5007F5023 /* HJScaleHeaderView */ = {
			isa = PBXNativeTarget;
			buildConfigurationList = 50849DE11A9195C5007F5023 /* Build configuration list for PBXNativeTarget "HJScaleHeaderView" */;
			buildPhases = (
				50849DBE1A9195C5007F5023 /* Sources */,
				50849DBF1A9195C5007F5023 /* Frameworks */,
				50849DC01A9195C5007F5023 /* Resources */,
			);
			buildRules = (
			);
			dependencies = (
			);
			name = HJScaleHeaderView;
			productName = HJScaleHeaderView;
			productReference = 50849DC21A9195C5007F5023 /* HJScaleHeaderView.app */;
			productType = "com.apple.product-type.application";
		};
		50849DD61A9195C5007F5023 /* HJScaleHeaderViewTests */ = {
			isa = PBXNativeTarget;
			buildConfigurationList = 50849DE41A9195C5007F5023 /* Build configuration list for PBXNativeTarget "HJScaleHeaderViewTests" */;
			buildPhases = (
				50849DD31A9195C5007F5023 /* Sources */,
				50849DD41A9195C5007F5023 /* Frameworks */,
				50849DD51A9195C5007F5023 /* Resources */,
			);
			buildRules = (
			);
			dependencies = (
				50849DD91A9195C5007F5023 /* PBXTargetDependency */,
			);
			name = HJScaleHeaderViewTests;
			productName = HJScaleHeaderViewTests;
			productReference = 50849DD71A9195C5007F5023 /* HJScaleHeaderViewTests.xctest */;
			productType = "com.apple.product-type.bundle.unit-test";
		};
/* End PBXNativeTarget section */

/* Begin PBXProject section */
		50849DBA1A9195C5007F5023 /* Project object */ = {
			isa = PBXProject;
			attributes = {
				LastSwiftUpdateCheck = 0730;
				LastUpgradeCheck = 0620;
				ORGANIZATIONNAME = Sword;
				TargetAttributes = {
					50849DC11A9195C5007F5023 = {
						CreatedOnToolsVersion = 6.2;
					};
					50849DD61A9195C5007F5023 = {
						CreatedOnToolsVersion = 6.2;
						TestTargetID = 50849DC11A9195C5007F5023;
					};
				};
			};
			buildConfigurationList = 50849DBD1A9195C5007F5023 /* Build configuration list for PBXProject "HJScaleHeaderView" */;
			compatibilityVersion = "Xcode 3.2";
			developmentRegion = English;
			hasScannedForEncodings = 0;
			knownRegions = (
				en,
				Base,
			);
			mainGroup = 50849DB91A9195C5007F5023;
			productRefGroup = 50849DC31A9195C5007F5023 /* Products */;
			projectDirPath = "";
			projectRoot = "";
			targets = (
				50849DC11A9195C5007F5023 /* HJScaleHeaderView */,
				50849DD61A9195C5007F5023 /* HJScaleHeaderViewTests */,
			);
		};
/* End PBXProject section */

/* Begin PBXResourcesBuildPhase section */
		50849DC01A9195C5007F5023 /* Resources */ = {
			isa = PBXResourcesBuildPhase;
			buildActionMask = 2147483647;
			files = (
				50849DCD1A9195C5007F5023 /* Main.storyboard in Resources */,
				50849DD21A9195C5007F5023 /* LaunchScreen.xib in Resources */,
				50849DCF1A9195C5007F5023 /* Images.xcassets in Resources */,
			);
			runOnlyForDeploymentPostprocessing = 0;
		};
		50849DD51A9195C5007F5023 /* Resources */ = {
			isa = PBXResourcesBuildPhase;
			buildActionMask = 2147483647;
			files = (
			);
			runOnlyForDeploymentPostprocessing = 0;
		};
/* End PBXResourcesBuildPhase section */

/* Begin PBXSourcesBuildPhase section */
		50849DBE1A9195C5007F5023 /* Sources */ = {
			isa = PBXSourcesBuildPhase;
			buildActionMask = 2147483647;
			files = (
				50849DCA1A9195C5007F5023 /* ViewController.swift in Sources */,
				50849DE81A91C63B007F5023 /* HJScaledScrollView.swift in Sources */,
				50849DC81A9195C5007F5023 /* AppDelegate.swift in Sources */,
			);
			runOnlyForDeploymentPostprocessing = 0;
		};
		50849DD31A9195C5007F5023 /* Sources */ = {
			isa = PBXSourcesBuildPhase;
			buildActionMask = 2147483647;
			files = (
				50849DDE1A9195C5007F5023 /* HJScaleHeaderViewTests.swift in Sources */,
			);
			runOnlyForDeploymentPostprocessing = 0;
		};
/* End PBXSourcesBuildPhase section */

/* Begin PBXTargetDependency section */
		50849DD91A9195C5007F5023 /* PBXTargetDependency */ = {
			isa = PBXTargetDependency;
			target = 50849DC11A9195C5007F5023 /* HJScaleHeaderView */;
			targetProxy = 50849DD81A9195C5007F5023 /* PBXContainerItemProxy */;
		};
/* End PBXTargetDependency section */

/* Begin PBXVariantGroup section */
		50849DCB1A9195C5007F5023 /* Main.storyboard */ = {
			isa = PBXVariantGroup;
			children = (
				50849DCC1A9195C5007F5023 /* Base */,
			);
			name = Main.storyboard;
			sourceTree = "<group>";
		};
		50849DD01A9195C5007F5023 /* LaunchScreen.xib */ = {
			isa = PBXVariantGroup;
			children = (
				50849DD11A9195C5007F5023 /* Base */,
			);
			name = LaunchScreen.xib;
			sourceTree = "<group>";
		};
/* End PBXVariantGroup section */

/* Begin XCBuildConfiguration section */
		50849DDF1A9195C5007F5023 /* Debug */ = {
			isa = XCBuildConfiguration;
			buildSettings = {
				ALWAYS_SEARCH_USER_PATHS = NO;
				CLANG_CXX_LANGUAGE_STANDARD = "gnu++0x";
				CLANG_CXX_LIBRARY = "libc++";
				CLANG_ENABLE_MODULES = YES;
				CLANG_ENABLE_OBJC_ARC = YES;
				CLANG_WARN_BOOL_CONVERSION = YES;
				CLANG_WARN_CONSTANT_CONVERSION = YES;
				CLANG_WARN_DIRECT_OBJC_ISA_USAGE = YES_ERROR;
				CLANG_WARN_EMPTY_BODY = YES;
				CLANG_WARN_ENUM_CONVERSION = YES;
				CLANG_WARN_INT_CONVERSION = YES;
				CLANG_WARN_OBJC_ROOT_CLASS = YES_ERROR;
				CLANG_WARN_UNREACHABLE_CODE = YES;
				CLANG_WARN__DUPLICATE_METHOD_MATCH = YES;
				"CODE_SIGN_IDENTITY[sdk=iphoneos*]" = "iPhone Developer";
				COPY_PHASE_STRIP = NO;
				ENABLE_STRICT_OBJC_MSGSEND = YES;
				GCC_C_LANGUAGE_STANDARD = gnu99;
				GCC_DYNAMIC_NO_PIC = NO;
				GCC_OPTIMIZATION_LEVEL = 0;
				GCC_PREPROCESSOR_DEFINITIONS = (
					"DEBUG=1",
					"$(inherited)",
				);
				GCC_SYMBOLS_PRIVATE_EXTERN = NO;
				GCC_WARN_64_TO_32_BIT_CONVERSION = YES;
				GCC_WARN_ABOUT_RETURN_TYPE = YES_ERROR;
				GCC_WARN_UNDECLARED_SELECTOR = YES;
				GCC_WARN_UNINITIALIZED_AUTOS = YES_AGGRESSIVE;
				GCC_WARN_UNUSED_FUNCTION = YES;
				GCC_WARN_UNUSED_VARIABLE = YES;
				IPHONEOS_DEPLOYMENT_TARGET = 8.2;
				MTL_ENABLE_DEBUG_INFO = YES;
				ONLY_ACTIVE_ARCH = YES;
				SDKROOT = iphoneos;
				SWIFT_OPTIMIZATION_LEVEL = "-Onone";
			};
			name = Debug;
		};
		50849DE01A9195C5007F5023 /* Release */ = {
			isa = XCBuildConfiguration;
			buildSettings = {
				ALWAYS_SEARCH_USER_PATHS = NO;
				CLANG_CXX_LANGUAGE_STANDARD = "gnu++0x";
				CLANG_CXX_LIBRARY = "libc++";
				CLANG_ENABLE_MODULES = YES;
				CLANG_ENABLE_OBJC_ARC = YES;
				CLANG_WARN_BOOL_CONVERSION = YES;
				CLANG_WARN_CONSTANT_CONVERSION = YES;
				CLANG_WARN_DIRECT_OBJC_ISA_USAGE = YES_ERROR;
				CLANG_WARN_EMPTY_BODY = YES;
				CLANG_WARN_ENUM_CONVERSION = YES;
				CLANG_WARN_INT_CONVERSION = YES;
				CLANG_WARN_OBJC_ROOT_CLASS = YES_ERROR;
				CLANG_WARN_UNREACHABLE_CODE = YES;
				CLANG_WARN__DUPLICATE_METHOD_MATCH = YES;
				"CODE_SIGN_IDENTITY[sdk=iphoneos*]" = "iPhone Developer";
				COPY_PHASE_STRIP = NO;
				ENABLE_NS_ASSERTIONS = NO;
				ENABLE_STRICT_OBJC_MSGSEND = YES;
				GCC_C_LANGUAGE_STANDARD = gnu99;
				GCC_WARN_64_TO_32_BIT_CONVERSION = YES;
				GCC_WARN_ABOUT_RETURN_TYPE = YES_ERROR;
				GCC_WARN_UNDECLARED_SELECTOR = YES;
				GCC_WARN_UNINITIALIZED_AUTOS = YES_AGGRESSIVE;
				GCC_WARN_UNUSED_FUNCTION = YES;
				GCC_WARN_UNUSED_VARIABLE = YES;
				IPHONEOS_DEPLOYMENT_TARGET = 8.2;
				MTL_ENABLE_DEBUG_INFO = NO;
				SDKROOT = iphoneos;
				VALIDATE_PRODUCT = YES;
			};
			name = Release;
		};
		50849DE21A9195C5007F5023 /* Debug */ = {
			isa = XCBuildConfiguration;
			buildSettings = {
				ASSETCATALOG_COMPILER_APPICON_NAME = AppIcon;
				INFOPLIST_FILE = HJScaleHeaderView/Info.plist;
				LD_RUNPATH_SEARCH_PATHS = "$(inherited) @executable_path/Frameworks";
				PRODUCT_NAME = "$(TARGET_NAME)";
			};
			name = Debug;
		};
		50849DE31A9195C5007F5023 /* Release */ = {
			isa = XCBuildConfiguration;
			buildSettings = {
				ASSETCATALOG_COMPILER_APPICON_NAME = AppIcon;
				INFOPLIST_FILE = HJScaleHeaderView/Info.plist;
				LD_RUNPATH_SEARCH_PATHS = "$(inherited) @executable_path/Frameworks";
				PRODUCT_NAME = "$(TARGET_NAME)";
			};
			name = Release;
		};
		50849DE51A9195C5007F5023 /* Debug */ = {
			isa = XCBuildConfiguration;
			buildSettings = {
				BUNDLE_LOADER = "$(TEST_HOST)";
				FRAMEWORK_SEARCH_PATHS = (
					"$(SDKROOT)/Developer/Library/Frameworks",
					"$(inherited)",
				);
				GCC_PREPROCESSOR_DEFINITIONS = (
					"DEBUG=1",
					"$(inherited)",
				);
				INFOPLIST_FILE = HJScaleHeaderViewTests/Info.plist;
				LD_RUNPATH_SEARCH_PATHS = "$(inherited) @executable_path/Frameworks @loader_path/Frameworks";
				PRODUCT_NAME = "$(TARGET_NAME)";
				TEST_HOST = "$(BUILT_PRODUCTS_DIR)/HJScaleHeaderView.app/HJScaleHeaderView";
			};
			name = Debug;
		};
		50849DE61A9195C5007F5023 /* Release */ = {
			isa = XCBuildConfiguration;
			buildSettings = {
				BUNDLE_LOADER = "$(TEST_HOST)";
				FRAMEWORK_SEARCH_PATHS = (
					"$(SDKROOT)/Developer/Library/Frameworks",
					"$(inherited)",
				);
				INFOPLIST_FILE = HJScaleHeaderViewTests/Info.plist;
				LD_RUNPATH_SEARCH_PATHS = "$(inherited) @executable_path/Frameworks @loader_path/Frameworks";
				PRODUCT_NAME = "$(TARGET_NAME)";
				TEST_HOST = "$(BUILT_PRODUCTS_DIR)/HJScaleHeaderView.app/HJScaleHeaderView";
			};
			name = Release;
		};
/* End XCBuildConfiguration section */

/* Begin XCConfigurationList section */
		50849DBD1A9195C5007F5023 /* Build configuration list for PBXProject "HJScaleHeaderView" */ = {
			isa = XCConfigurationList;
			buildConfigurations = (
				50849DDF1A9195C5007F5023 /* Debug */,
				50849DE01A9195C5007F5023 /* Release */,
			);
			defaultConfigurationIsVisible = 0;
			defaultConfigurationName = Release;
		};
		50849DE11A9195C5007F5023 /* Build configuration list for PBXNativeTarget "HJScaleHeaderView" */ = {
			isa = XCConfigurationList;
			buildConfigurations = (
				50849DE21A9195C5007F5023 /* Debug */,
				50849DE31A9195C5007F5023 /* Release */,
			);
			defaultConfigurationIsVisible = 0;
			defaultConfigurationName = Release;
		};
		50849DE41A9195C5007F5023 /* Build configuration list for PBXNativeTarget "HJScaleHeaderViewTests" */ = {
			isa = XCConfigurationList;
			buildConfigurations = (
				50849DE51A9195C5007F5023 /* Debug */,
				50849DE61A9195C5007F5023 /* Release */,
			);
			defaultConfigurationIsVisible = 0;
			defaultConfigurationName = Release;
		};
/* End XCConfigurationList section */
	};
	rootObject = 50849DBA1A9195C5007F5023 /* Project object */;
}
